[[package]]
category = "main"
description = "HTTP REST client, simplified for Python"
name = "python-http-client"
optional = false
python-versions = ">=2.7, !=3.0.*, !=3.1.*, !=3.2.*, !=3.3.*"
version = "3.3.1"
[[package]]
category = "main"
description = "Twilio SendGrid library for Python"
name = "sendgrid"
optional = false
python-versions = ">=2.7, !=3.0.*, !=3.1.*, !=3.2.*, !=3.3.*, !=3.4.*"
version = "6.4.7"
[package.dependencies]
python-http-client = ">=3.2.1"
starkbank-ecdsa = ">=1.0.0"
[[package]]
category = "main"
description = "A lightweight and fast pure python ECDSA library"
name = "starkbank-ecdsa"
optional = false
python-versions = "*"
version = "1.1.0"
[metadata]
content-hash = "d0954ce28b6fd0e6013e8c82451c9fb717000806aa59acf2f2e85f784b264808"
python-versions = "^3.8"
[metadata.files]
python-http-client = [
    {file = "python_http_client-3.3.1.tar.gz", hash = "sha256:f5cb0d407b30ed699c2f7ac4ba2ba8a1f2352d44bd9db6ea3bab98d081b433ce"},
]
sendgrid = [
    {file = "sendgrid-6.4.7-py3-none-any.whl", hash = "sha256:177f959aab5882297fe07efe7db3c67d84fef2d55e3e1038edd4a20f3eb5f059"},
    {file = "sendgrid-6.4.7.tar.gz", hash = "sha256:f6a4608e696e5851dd12a716abf97240f947027855e2205dff112c3fdc1bc127"},
]
starkbank-ecdsa = [
    {file = "starkbank-ecdsa-1.1.0.tar.gz", hash = "sha256:423f81bb55c896a3c85ee98ac7da98826721eaee918f5c0c1dfff99e1972da0c"},
]
