# THIS IS AN AUTOGENERATED FILE. DO NOT EDIT THIS FILE DIRECTLY.
# yarn lockfile v1


"@creativebulma/bulma-divider@^1.1.0":
  version "1.1.0"
  resolved "https://registry.yarnpkg.com/@creativebulma/bulma-divider/-/bulma-divider-1.1.0.tgz#fb0c3527efc5b8d7b1ac52cd065e9f8c57b5a8bc"
  integrity sha512-Lx5MlUhgAnTF+wNZ5LXcaE1K0F2m0Pkwte1p08FBsIyRV6Oq7BuKPk/O9XJPcF+vR6BjCxNy/hjYFXtNmoXbNg==

"@fortawesome/fontawesome-free@^5.15.4":
  version "5.15.4"
  resolved "https://registry.yarnpkg.com/@fortawesome/fontawesome-free/-/fontawesome-free-5.15.4.tgz#ecda5712b61ac852c760d8b3c79c96adca5554e5"
  integrity sha512-eYm8vijH/hpzr/6/1CJ/V/Eb1xQFW2nnUKArb3z+yUWv7HTwj6M7SP957oMjfZjAHU6qpoNc2wQvIxBLWYa/Jg==

"@vizuaalog/bulmajs@^0.12.1":
  version "0.12.1"
  resolved "https://registry.yarnpkg.com/@vizuaalog/bulmajs/-/bulmajs-0.12.1.tgz#dadcb3e4fdbf666b500632fd626d15b12b8d9101"
  integrity sha512-IVkPAQWPJ5F+nKjucXVJhYmXtQlb4jHwftNmnSEX5P9TvTnnfrW/oqlV0HSSbooJOpVMZpI511Knezg6QCvztA==

bulma-prefers-dark@^0.1.0-beta.0:
  version "0.1.0-beta.0"
  resolved "https://registry.yarnpkg.com/bulma-prefers-dark/-/bulma-prefers-dark-0.1.0-beta.0.tgz#646350738ed00ac66d0f84ec6821a677aa1a66c5"
  integrity sha512-EeDW8pQrkYEOXo2l3WykfghbUzi8jlQWGI+Cu2HwmXwQHMcoGF6yiKYCNShttN+8z3atq8fLWh3B7pqXUV4fBA==

bulma-ribbon@^0.1.1:
  version "0.1.1"
  resolved "https://registry.yarnpkg.com/bulma-ribbon/-/bulma-ribbon-0.1.1.tgz#f8a88ec7ca7a40522105d9866002b588c542e587"
  integrity sha512-yHokifKitsA0inChEMSC5BQMtiRBzwqATzZDjFk+eIxXYxhGFQ1otfQH024YkLlzDlzyg2VK0q+/cn9Uvr+MIw==

bulma@^0.9.3:
  version "0.9.3"
  resolved "https://registry.yarnpkg.com/bulma/-/bulma-0.9.3.tgz#ddccb7436ebe3e21bf47afe01d3c43a296b70243"
  integrity sha512-0d7GNW1PY4ud8TWxdNcP6Cc8Bu7MxcntD/RRLGWuiw/s0a9P+XlH/6QoOIrmbj6o8WWJzJYhytiu9nFjTszk1g==
